{
  "object": {
    "pins": [
      {
        "package": "GCDWebServer",
        "repositoryURL": "https://github.com/SlaunchaMan/GCDWebServer.git",
        "state": {
          "branch": null,
          "revision": "5cc010813d797c3f40557c740a4f620bf84da4dd",
          "version": null
        }
      }
    ]
  },
  "version": 1
}
