PODS:
  - GCDWebServer (3.5.2):
    - GCDWebServer/Core (= 3.5.2)
  - GCDWebServer/Core (3.5.2)
  - MixboxBuiltinIpc (0.2.3):
    - GCDWebServer
    - MixboxIpc
  - MixboxFoundation (0.2.3)
  - MixboxIpc (0.2.3):
    - MixboxFoundation

DEPENDENCIES:
  - GCDWebServer
  - MixboxBuiltinIpc (from `../..`)
  - MixboxFoundation (from `../..`)
  - MixboxIpc (from `../..`)

SPEC REPOS:
  https://github.com/CocoaPods/Specs.git:
    - GCDWebServer

EXTERNAL SOURCES:
  MixboxBuiltinIpc:
    :path: "../.."
  MixboxFoundation:
    :path: "../.."
  MixboxIpc:
    :path: "../.."

SPEC CHECKSUMS:
  GCDWebServer: ead88cd14596dd4eae4f5830b8877c87c8728990
  MixboxBuiltinIpc: 461c61790bd7fe327b8a1e4bd43647485bfc2962
  MixboxFoundation: 7af66240207240575e163c4e198acbe27afd88da
  MixboxIpc: 7bbfc8303c278ebabda88d9cae5387204c76a540

PODFILE CHECKSUM: f000000000000000000000000000000000000000

COCOAPODS: 1.8.4
