PODS:
  - GCDWebServer (3.5.2):
    - GCDWebServer/Core (= 3.5.2)
  - GCDWebServer/Core (3.5.2)
  - MixboxBuiltinIpc (0.3.7):
    - GCDWebServer
    - MixboxIpc
  - MixboxFoundation (0.3.7)
  - MixboxIpc (0.3.7):
    - MixboxFoundation

DEPENDENCIES:
  - GCDWebServer
  - MixboxBuiltinIpc (from `../..`)
  - MixboxFoundation (from `../..`)
  - MixboxIpc (from `../..`)

SPEC REPOS:
  http://nexus-speed.msk.avito.ru/repository/ios-speed-cocoapods-proxy/:
    - GCDWebServer

EXTERNAL SOURCES:
  MixboxBuiltinIpc:
    :path: "../.."
  MixboxFoundation:
    :path: "../.."
  MixboxIpc:
    :path: "../.."

SPEC CHECKSUMS:
  GCDWebServer: 9840f4fbd880a8cbd1b5df05c101aef56d7e4780
  MixboxBuiltinIpc: 842cc1e369cf4bcb27d3b0214b383d5a9af01266
  MixboxFoundation: 14b8921f970ecae2b3b292f1c9a6750ce93f30cf
  MixboxIpc: a9497d68feb98cc314781f563feca18ca25e649a

PODFILE CHECKSUM: f000000000000000000000000000000000000000

COCOAPODS: 1.12.1
