PODS:
  - CocoaImageHashing (1.7.0)
  - Cuckoo (1.2.0):
    - Cuckoo/Swift (= 1.2.0)
  - Cuckoo/Swift (1.2.0)
  - Dip (7.0.1)
  - GCDWebServer (3.5.3):
    - GCDWebServer/Core (= 3.5.3)
  - GCDWebServer/Core (3.5.3)
  - MixboxAnyCodable (0.2.3)
  - MixboxBlack (0.2.3):
    - MixboxDi
    - MixboxIpcSbtuiClient
    - MixboxUiTestsFoundation
  - MixboxBuiltinIpc (0.2.3):
    - GCDWebServer
    - MixboxIpc
  - MixboxDi (0.2.3):
    - Dip
    - MixboxFoundation
  - MixboxFakeSettingsAppMain (0.2.3)
  - MixboxFoundation (0.2.3)
  - MixboxGray (0.2.3):
    - MixboxDi
    - MixboxInAppServices
    - MixboxUiKit
    - MixboxUiTestsFoundation
  - MixboxInAppServices (0.2.3):
    - MixboxBuiltinIpc
    - MixboxIpcCommon
    - MixboxIpcSbtuiHost
    - MixboxTestability
    - MixboxUiKit
  - MixboxIpc (0.2.3):
    - MixboxFoundation
  - MixboxIpcCommon (0.2.3):
    - MixboxAnyCodable
    - MixboxIpc
  - MixboxIpcSbtuiClient (0.2.3):
    - MixboxIpc
    - MixboxTestsFoundation
    - MixboxUiTestsFoundation
    - SBTUITestTunnel/Client (~> 3.0.6)
  - MixboxIpcSbtuiHost (0.2.3):
    - MixboxIpc
    - SBTUITestTunnel/Server (~> 3.0.6)
  - MixboxTestability (0.2.3)
  - MixboxTestsFoundation (0.2.3):
    - MixboxFoundation
    - MixboxUiKit
    - SQLite.swift
  - MixboxUiKit (0.2.3):
    - MixboxFoundation
  - MixboxUiTestsFoundation (0.2.3):
    - CocoaImageHashing
    - MixboxAnyCodable
    - MixboxDi
    - MixboxIpcCommon
    - MixboxTestsFoundation
    - MixboxUiKit
  - SBTUITestTunnel/Client (3.0.14)
  - SBTUITestTunnel/Server (3.0.14):
    - GCDWebServer (~> 3.0)
  - SQLite.swift (0.12.2):
    - SQLite.swift/standard (= 0.12.2)
  - SQLite.swift/standard (0.12.2)
  - SwiftLint (0.36.0)
  - TestsIpc (0.1.0):
    - MixboxBuiltinIpc
    - MixboxIpc
    - MixboxIpcCommon

DEPENDENCIES:
  - Cuckoo (from `https://github.com/avito-tech/Cuckoo`)
  - Dip
  - MixboxAnyCodable (from `..`)
  - MixboxBlack (from `..`)
  - MixboxBuiltinIpc (from `..`)
  - MixboxDi (from `..`)
  - MixboxFakeSettingsAppMain (from `..`)
  - MixboxFoundation (from `..`)
  - MixboxGray (from `..`)
  - MixboxInAppServices (from `..`)
  - MixboxIpc (from `..`)
  - MixboxIpcCommon (from `..`)
  - MixboxIpcSbtuiClient (from `..`)
  - MixboxIpcSbtuiHost (from `..`)
  - MixboxTestability (from `..`)
  - MixboxTestsFoundation (from `..`)
  - MixboxUiKit (from `..`)
  - MixboxUiTestsFoundation (from `..`)
  - SQLite.swift
  - SwiftLint
  - TestsIpc (from `Frameworks/TestsIpc`)

SPEC REPOS:
  trunk:
    - CocoaImageHashing
    - Dip
    - GCDWebServer
    - SBTUITestTunnel
    - SQLite.swift
    - SwiftLint

EXTERNAL SOURCES:
  Cuckoo:
    :git: https://github.com/avito-tech/Cuckoo
  MixboxAnyCodable:
    :path: ".."
  MixboxBlack:
    :path: ".."
  MixboxBuiltinIpc:
    :path: ".."
  MixboxDi:
    :path: ".."
  MixboxFakeSettingsAppMain:
    :path: ".."
  MixboxFoundation:
    :path: ".."
  MixboxGray:
    :path: ".."
  MixboxInAppServices:
    :path: ".."
  MixboxIpc:
    :path: ".."
  MixboxIpcCommon:
    :path: ".."
  MixboxIpcSbtuiClient:
    :path: ".."
  MixboxIpcSbtuiHost:
    :path: ".."
  MixboxTestability:
    :path: ".."
  MixboxTestsFoundation:
    :path: ".."
  MixboxUiKit:
    :path: ".."
  MixboxUiTestsFoundation:
    :path: ".."
  TestsIpc:
    :path: "Frameworks/TestsIpc"

CHECKOUT OPTIONS:
  Cuckoo:
    :commit: ebe3aec90afb8fe97465c8c6dab60660edf40e31
    :git: https://github.com/avito-tech/Cuckoo

SPEC CHECKSUMS:
  CocoaImageHashing: 2c8efd6dd60f9030cd54086b34ffc48e927821c3
  Cuckoo: c9582d4b3047df9dfe22ac98f0b1ebf9bb31f3c2
  Dip: 79509d5dc4f648e10e922ed79c608a7761c52b13
  GCDWebServer: c0ab22c73e1b84f358d1e2f74bf6afd1c60829f2
  MixboxAnyCodable: 94421d76e8d4b7c66fefe5ce9267587207e4d805
  MixboxBlack: 1ce8cabcfcc49fc6a46e51a36580460ccea3b219
  MixboxBuiltinIpc: 26880327fbb22e9f6e96a13b26ef7015749bf946
  MixboxDi: 3e75421e302d50f57974cdb337b3b95adb885fb7
  MixboxFakeSettingsAppMain: cb03a5515009c7b774c1f36dc459e6503b2b7d7b
  MixboxFoundation: adbfd517f145b40403bd43699181f487d33758ed
  MixboxGray: decf42d700e335e7e5bae09f042e68313a9635f1
  MixboxInAppServices: 9faf4b53e326684d476b6587c3a18dfb15744313
  MixboxIpc: 03e3a25d4c9fa699c87d3f0c166e47363f8d25e1
  MixboxIpcCommon: 71629f707c370f201ab475856b90762cc1e158d7
  MixboxIpcSbtuiClient: 0fda0fcd3d54687edad6138c2febf593c51fca51
  MixboxIpcSbtuiHost: 19ca10eed91be1c32fbeba9686b97f0df46ea777
  MixboxTestability: f2ae73479007568fafb48b6a62b98e05986b8a80
  MixboxTestsFoundation: 8c5e098fd24816b9f18226bffffb789b48fcdac6
  MixboxUiKit: aa78cf7ebcd02e90c3ebb2865091adf3396f2f81
  MixboxUiTestsFoundation: e81928e07266eebb199cc40383d4c20e77cf5727
  SBTUITestTunnel: 50c315f2fd1bfd144be8e0eb4c0a1e35ccbe5e9f
  SQLite.swift: d2b4642190917051ce6bd1d49aab565fe794eea3
  SwiftLint: fc9859e4e1752340664851f667bb1898b9c90114
  TestsIpc: 30eb5db4bc5eefe4324e3900e6285b970b798150

PODFILE CHECKSUM: f000000000000000000000000000000000000000

COCOAPODS: 1.8.4
