PODS:
  - CocoaImageHashing (1.6.1)
  - GCDWebServer (3.4.2):
    - GCDWebServer/Core (= 3.4.2)
  - GCDWebServer/Core (3.4.2)
  - MixboxAllure (0.1.0):
    - MixboxArtifacts
    - MixboxFoundation
  - MixboxArtifacts (0.1.0)
  - MixboxBuiltinIpc (0.1.0):
    - GCDWebServer
    - MixboxIpc
  - MixboxFoundation (0.1.0)
  - MixboxGrey (0.1.0):
    - MixboxIpcClients
    - MixboxUiKit
    - MixboxUiTestsFoundation
  - MixboxInAppServices (0.1.0):
    - MixboxBuiltinIpc
    - MixboxIpcCommon
    - MixboxIpcSbtuiHost
    - MixboxTestability
    - MixboxUiKit
  - MixboxIpc (0.1.0):
    - MixboxFoundation
  - MixboxIpcClients (0.1.0):
    - MixboxIpcCommon
  - MixboxIpcCommon (0.1.0):
    - MixboxIpc
  - MixboxIpcSbtuiClient (0.1.0):
    - MixboxIpc
    - SBTUITestTunnel/Client (~> 3.0.6)
  - MixboxIpcSbtuiHost (0.1.0):
    - MixboxIpc
    - SBTUITestTunnel/Server (~> 3.0.6)
  - MixboxReporting (0.1.0):
    - MixboxArtifacts
    - MixboxFoundation
  - MixboxTestability (0.1.0)
  - MixboxTestsFoundation (0.1.0):
    - MixboxArtifacts
    - MixboxFoundation
    - MixboxReporting
    - SQLite.swift
  - MixboxUiKit (0.1.0):
    - MixboxFoundation
  - MixboxUiTestsFoundation (0.1.0):
    - CocoaImageHashing
    - MixboxIpcClients
    - MixboxIpcCommon
    - MixboxReporting
    - MixboxTestsFoundation
    - MixboxUiKit
  - MixboxXcuiDriver (0.1.0):
    - MixboxUiTestsFoundation
  - SBTUITestTunnel/Client (3.0.14)
  - SBTUITestTunnel/Server (3.0.14):
    - GCDWebServer (~> 3.0)
  - SimulatorRemoteNotifications (0.0.3)
  - SQLite.swift (0.11.5):
    - SQLite.swift/standard (= 0.11.5)
  - SQLite.swift/standard (0.11.5)
  - SwiftyJSON (3.1.4)

DEPENDENCIES:
  - CocoaImageHashing (= 1.6.1)
  - MixboxAllure (from `..`)
  - MixboxArtifacts (from `..`)
  - MixboxBuiltinIpc (from `..`)
  - MixboxFoundation (from `..`)
  - MixboxGrey (from `..`)
  - MixboxInAppServices (from `..`)
  - MixboxIpc (from `..`)
  - MixboxIpcClients (from `..`)
  - MixboxIpcCommon (from `..`)
  - MixboxIpcSbtuiClient (from `..`)
  - MixboxIpcSbtuiHost (from `..`)
  - MixboxReporting (from `..`)
  - MixboxTestability (from `..`)
  - MixboxTestsFoundation (from `..`)
  - MixboxUiKit (from `..`)
  - MixboxUiTestsFoundation (from `..`)
  - MixboxXcuiDriver (from `..`)
  - SBTUITestTunnel/Client
  - SimulatorRemoteNotifications (~> 0.0.3)
  - SwiftyJSON (= 3.1.4)

SPEC REPOS:
  https://github.com/cocoapods/specs.git:
    - CocoaImageHashing
    - GCDWebServer
    - SBTUITestTunnel
    - SimulatorRemoteNotifications
    - SQLite.swift
    - SwiftyJSON

EXTERNAL SOURCES:
  MixboxAllure:
    :path: ".."
  MixboxArtifacts:
    :path: ".."
  MixboxBuiltinIpc:
    :path: ".."
  MixboxFoundation:
    :path: ".."
  MixboxGrey:
    :path: ".."
  MixboxInAppServices:
    :path: ".."
  MixboxIpc:
    :path: ".."
  MixboxIpcClients:
    :path: ".."
  MixboxIpcCommon:
    :path: ".."
  MixboxIpcSbtuiClient:
    :path: ".."
  MixboxIpcSbtuiHost:
    :path: ".."
  MixboxReporting:
    :path: ".."
  MixboxTestability:
    :path: ".."
  MixboxTestsFoundation:
    :path: ".."
  MixboxUiKit:
    :path: ".."
  MixboxUiTestsFoundation:
    :path: ".."
  MixboxXcuiDriver:
    :path: ".."

SPEC CHECKSUMS:
  CocoaImageHashing: d7d3813c5aeb6ddcf4e57219dc63c741b8a16e0a
  GCDWebServer: 8d67ee9f634b4bb91eb4b8aee440318a5fc6debd
  MixboxAllure: 165b63fb951cf69938a7a958c8e2687245e9d440
  MixboxArtifacts: 8aeca18819c73841968da9bf381f6ac560c73719
  MixboxBuiltinIpc: ca42c3d2ccfc053de16890bbeec3ce2489a7a97b
  MixboxFoundation: 49f2fd2cbf51cc05fff03a83820754afcbdc0e85
  MixboxGrey: 8e7a41bbe58fd6321fa7fd64793d6d0b9a2f6eac
  MixboxInAppServices: fc9bc2cc344857edb6eb76e9fb6ad811ea5ac7b3
  MixboxIpc: d91828e6d80a76ea61ec77af762c17510f59d321
  MixboxIpcClients: 09c700dc094d149c0ea9982dd1c5c855fac9877f
  MixboxIpcCommon: 3b16bf9f463f358093e20a79dc7c38c198d89e4b
  MixboxIpcSbtuiClient: f1d6da8dc501ec35b3dd636b4dba88c193514f07
  MixboxIpcSbtuiHost: ad66f177e17fb1f9a7ee62911b55d3aec686949e
  MixboxReporting: 9a63996e2b03143115fbf23ca6d20b23c244bb97
  MixboxTestability: 6106fecdc30b4c2944bac1e479e631e657f61fd9
  MixboxTestsFoundation: 17f031f57b7d4ec1d00709ea604ef465c9a0f743
  MixboxUiKit: 653f7eed1c8772699cc57caf73f62091452b2157
  MixboxUiTestsFoundation: 6c69ef655538f302a9e727660555c94f90dad690
  MixboxXcuiDriver: 5d13f3390e583f178633a5ddbac6b765b1716e72
  SBTUITestTunnel: 50c315f2fd1bfd144be8e0eb4c0a1e35ccbe5e9f
  SimulatorRemoteNotifications: 1610643e0582b2af67bc254b071ace4077e8ef86
  SQLite.swift: 6e5356850bb1791459f8c16d6ee9195b28714a2e
  SwiftyJSON: c2842d878f95482ffceec5709abc3d05680c0220

PODFILE CHECKSUM: f000000000000000000000000000000000000000

COCOAPODS: 1.5.3
