PODS:
  - CocoaImageHashing (1.6.1)
  - GCDWebServer (3.4.2):
    - GCDWebServer/Core (= 3.4.2)
  - GCDWebServer/Core (3.4.2)
  - MixboxAllure (0.0.2):
    - MixboxArtifacts
  - MixboxArtifacts (0.0.2)
  - MixboxBuiltinIpc (0.0.2):
    - GCDWebServer
    - MixboxIpc
  - MixboxFoundation (0.0.2)
  - MixboxGrey (0.0.2):
    - MixboxIpcClients
    - MixboxUiKit
    - MixboxUiTestsFoundation
  - MixboxInAppServices (0.0.2):
    - MixboxBuiltinIpc
    - MixboxIpcCommon
    - MixboxIpcSbtuiHost
    - MixboxTestability
    - MixboxUiKit
  - MixboxIpc (0.0.2):
    - MixboxFoundation
  - MixboxIpcClients (0.0.2):
    - MixboxIpcCommon
  - MixboxIpcCommon (0.0.2):
    - MixboxIpc
  - MixboxIpcSbtuiClient (0.0.2):
    - MixboxIpc
    - SBTUITestTunnel/Client (~> 3.0.6)
  - MixboxIpcSbtuiHost (0.0.2):
    - MixboxIpc
    - SBTUITestTunnel/Server
  - MixboxReporting (0.0.2):
    - MixboxArtifacts
    - MixboxFoundation
  - MixboxTestability (0.0.2)
  - MixboxTestsFoundation (0.0.2):
    - MixboxArtifacts
    - MixboxFoundation
    - MixboxReporting
    - SQLite.swift
  - MixboxUiKit (0.0.2):
    - MixboxFoundation
  - MixboxUiTestsFoundation (0.0.2):
    - CocoaImageHashing
    - MixboxIpcCommon
    - MixboxReporting
    - MixboxTestsFoundation
    - MixboxUiKit
  - MixboxXcuiDriver (0.0.2):
    - MixboxIpcClients
    - MixboxUiKit
    - MixboxUiTestsFoundation
  - SBTUITestTunnel/Client (3.0.14)
  - SBTUITestTunnel/Server (3.0.14):
    - GCDWebServer (~> 3.0)
  - SimulatorRemoteNotifications (0.0.3)
  - SQLite.swift (0.11.5):
    - SQLite.swift/standard (= 0.11.5)
  - SQLite.swift/standard (0.11.5)
  - SwiftyJSON (3.1.4)

DEPENDENCIES:
  - CocoaImageHashing (= 1.6.1)
  - MixboxAllure (from `..`)
  - MixboxArtifacts (from `..`)
  - MixboxBuiltinIpc (from `..`)
  - MixboxFoundation (from `..`)
  - MixboxGrey (from `..`)
  - MixboxInAppServices (from `..`)
  - MixboxIpc (from `..`)
  - MixboxIpcClients (from `..`)
  - MixboxIpcCommon (from `..`)
  - MixboxIpcSbtuiClient (from `..`)
  - MixboxIpcSbtuiHost (from `..`)
  - MixboxReporting (from `..`)
  - MixboxTestability (from `..`)
  - MixboxTestsFoundation (from `..`)
  - MixboxUiKit (from `..`)
  - MixboxUiTestsFoundation (from `..`)
  - MixboxXcuiDriver (from `..`)
  - SBTUITestTunnel/Client
  - SimulatorRemoteNotifications (~> 0.0.3)
  - SwiftyJSON (= 3.1.4)

SPEC REPOS:
  https://github.com/cocoapods/specs.git:
    - CocoaImageHashing
    - GCDWebServer
    - SBTUITestTunnel
    - SimulatorRemoteNotifications
    - SQLite.swift
    - SwiftyJSON

EXTERNAL SOURCES:
  MixboxAllure:
    :path: ".."
  MixboxArtifacts:
    :path: ".."
  MixboxBuiltinIpc:
    :path: ".."
  MixboxFoundation:
    :path: ".."
  MixboxGrey:
    :path: ".."
  MixboxInAppServices:
    :path: ".."
  MixboxIpc:
    :path: ".."
  MixboxIpcClients:
    :path: ".."
  MixboxIpcCommon:
    :path: ".."
  MixboxIpcSbtuiClient:
    :path: ".."
  MixboxIpcSbtuiHost:
    :path: ".."
  MixboxReporting:
    :path: ".."
  MixboxTestability:
    :path: ".."
  MixboxTestsFoundation:
    :path: ".."
  MixboxUiKit:
    :path: ".."
  MixboxUiTestsFoundation:
    :path: ".."
  MixboxXcuiDriver:
    :path: ".."

SPEC CHECKSUMS:
  CocoaImageHashing: d7d3813c5aeb6ddcf4e57219dc63c741b8a16e0a
  GCDWebServer: 8d67ee9f634b4bb91eb4b8aee440318a5fc6debd
  MixboxAllure: 5bcf54da54644c91c0621697d0bfcbf280384d0e
  MixboxArtifacts: 222c50cf642856e8c5a9a23d346c993ba30144b1
  MixboxBuiltinIpc: aca53e4a5ad5f3b33ebb2f9bb62a7f28e1483f71
  MixboxFoundation: 198790e429d78173190d8517b0c0359c3ee67d27
  MixboxGrey: 9f31f2a222d4e7d9e85bb901ef1bc9160fc46dac
  MixboxInAppServices: 3fe09266eea7708e0fe3e90c54d1b331d5c712cb
  MixboxIpc: 1f1ba90f9bef3f8dd690f22e5f0568b7391d7896
  MixboxIpcClients: dc910e1e5c52c16678ea378871a70bc1577df7ac
  MixboxIpcCommon: 3d97efeb237e21c682f415202e8a74ca76aaaad6
  MixboxIpcSbtuiClient: c3c3bb6c26ad5348b9b8064bc9223abd89b6c487
  MixboxIpcSbtuiHost: 69728635e8a1c7e4cd620cd419dff6b48865a3d7
  MixboxReporting: 694ad87fd1b60b0cc6b5b79ec146ee2b4bfd8e34
  MixboxTestability: 46b97a5c8c31bcb662b7af00a74619da68acc5b6
  MixboxTestsFoundation: 41a38f09274fdfa8984af6999352f1b1ad921d91
  MixboxUiKit: 5d81cc3bef30065a3cdf38eab870794080e955c5
  MixboxUiTestsFoundation: 30a1ae6e678260367a4430466cdd4165bec5e795
  MixboxXcuiDriver: 11e359f0c455fb00cd3589588bff8f365dbe3109
  SBTUITestTunnel: 50c315f2fd1bfd144be8e0eb4c0a1e35ccbe5e9f
  SimulatorRemoteNotifications: 1610643e0582b2af67bc254b071ace4077e8ef86
  SQLite.swift: 6e5356850bb1791459f8c16d6ee9195b28714a2e
  SwiftyJSON: c2842d878f95482ffceec5709abc3d05680c0220

PODFILE CHECKSUM: f000000000000000000000000000000000000000

COCOAPODS: 1.6.1
