PODS:
  - GCDWebServer (3.4.2):
    - GCDWebServer/Core (= 3.4.2)
  - GCDWebServer/Core (3.4.2)
  - MixboxBuiltinIpc (0.0.2):
    - GCDWebServer
    - MixboxIpc
  - MixboxFoundation (0.0.2)
  - MixboxIpc (0.0.2):
    - MixboxFoundation

DEPENDENCIES:
  - GCDWebServer
  - MixboxBuiltinIpc (from `../../..`)
  - MixboxFoundation (from `../../..`)
  - MixboxIpc (from `../../..`)

SPEC REPOS:
  https://github.com/cocoapods/specs.git:
    - GCDWebServer

EXTERNAL SOURCES:
  MixboxBuiltinIpc:
    :path: "../../.."
  MixboxFoundation:
    :path: "../../.."
  MixboxIpc:
    :path: "../../.."

SPEC CHECKSUMS:
  GCDWebServer: 8d67ee9f634b4bb91eb4b8aee440318a5fc6debd
  MixboxBuiltinIpc: 4bb2a89013f69382eac2fbbd3380fb6c607ed48a
  MixboxFoundation: 2eae63315c42804efa47a4d493c252eb3ead677d
  MixboxIpc: 6d9a3ae272712b285e47b9bb504b74d9623693b5

PODFILE CHECKSUM: f000000000000000000000000000000000000000

COCOAPODS: 1.5.3
