// !$*UTF8*$!
{
	archiveVersion = 1;
	classes = {
	};
	objectVersion = 54;
	objects = {

/* Begin PBXBuildFile section */
		3DB2E05D8E6C605505BCE429 /* Pods_App.framework in Frameworks */ = {isa = PBXBuildFile; fileRef = EFDE6213F07420519D992501 /* Pods_App.framework */; };
		70D667AA3541486D006A586E /* Pods_GrayBoxTests.framework in Frameworks */ = {isa = PBXBuildFile; fileRef = FC8EA0557DDC3D0510511CE3 /* Pods_GrayBoxTests.framework */; };
		F8088F4024D702D600BACCE7 /* GrayBoxTests.swift in Sources */ = {isa = PBXBuildFile; fileRef = F8088F3F24D702D600BACCE7 /* GrayBoxTests.swift */; };
		F82B27C6229E8E280056AB91 /* AppDelegate.swift in Sources */ = {isa = PBXBuildFile; fileRef = F82B27C5229E8E280056AB91 /* AppDelegate.swift */; };
		F82B27C8229E8E280056AB91 /* ViewController.swift in Sources */ = {isa = PBXBuildFile; fileRef = F82B27C7229E8E280056AB91 /* ViewController.swift */; };
		F82B27CB229E8E280056AB91 /* Main.storyboard in Resources */ = {isa = PBXBuildFile; fileRef = F82B27C9229E8E280056AB91 /* Main.storyboard */; };
		F82B27CD229E8E290056AB91 /* Assets.xcassets in Resources */ = {isa = PBXBuildFile; fileRef = F82B27CC229E8E290056AB91 /* Assets.xcassets */; };
		F82B27D0229E8E290056AB91 /* LaunchScreen.storyboard in Resources */ = {isa = PBXBuildFile; fileRef = F82B27CE229E8E290056AB91 /* LaunchScreen.storyboard */; };
		F82B27E7229E8FA30056AB91 /* BlackBoxTests.swift in Sources */ = {isa = PBXBuildFile; fileRef = F82B27E6229E8FA30056AB91 /* BlackBoxTests.swift */; };
		F895F2D32388151A00A41F7F /* BlackBoxTestCaseDependencies.swift in Sources */ = {isa = PBXBuildFile; fileRef = F895F2D22388151A00A41F7F /* BlackBoxTestCaseDependencies.swift */; };
		F8B2197824D735E900DFEB09 /* TestCase.swift in Sources */ = {isa = PBXBuildFile; fileRef = F8B2197724D735E900DFEB09 /* TestCase.swift */; };
		F8B2198024D741FE00DFEB09 /* LaunchableApplicationProvider.swift in Sources */ = {isa = PBXBuildFile; fileRef = F8B2197F24D741FE00DFEB09 /* LaunchableApplicationProvider.swift */; };
		F8B2198424D742B200DFEB09 /* TestCase.swift in Sources */ = {isa = PBXBuildFile; fileRef = F8B2198324D742B200DFEB09 /* TestCase.swift */; };
		F8B2198624D742D000DFEB09 /* GrayBoxTestCaseDependencies.swift in Sources */ = {isa = PBXBuildFile; fileRef = F8B2198524D742D000DFEB09 /* GrayBoxTestCaseDependencies.swift */; };
		FDA97A681EBDB4DBEDB66F14 /* Pods_BlackBoxTests.framework in Frameworks */ = {isa = PBXBuildFile; fileRef = 7DF04FC6AAF2A424A0A29F5B /* Pods_BlackBoxTests.framework */; };
/* End PBXBuildFile section */

/* Begin PBXContainerItemProxy section */
		F8088F4224D702D600BACCE7 /* PBXContainerItemProxy */ = {
			isa = PBXContainerItemProxy;
			containerPortal = F82B27BA229E8E270056AB91 /* Project object */;
			proxyType = 1;
			remoteGlobalIDString = F82B27C1229E8E270056AB91;
			remoteInfo = App;
		};
		F82B27D7229E8E290056AB91 /* PBXContainerItemProxy */ = {
			isa = PBXContainerItemProxy;
			containerPortal = F82B27BA229E8E270056AB91 /* Project object */;
			proxyType = 1;
			remoteGlobalIDString = F82B27C1229E8E270056AB91;
			remoteInfo = UiTestsDemo;
		};
/* End PBXContainerItemProxy section */

/* Begin PBXFileReference section */
		391C9C51CEBDA37AAB2E555D /* Pods-App.debug.xcconfig */ = {isa = PBXFileReference; includeInIndex = 1; lastKnownFileType = text.xcconfig; name = "Pods-App.debug.xcconfig"; path = "Target Support Files/Pods-App/Pods-App.debug.xcconfig"; sourceTree = "<group>"; };
		3E6721B07F3BD4E3267AF3F3 /* Pods-App.release.xcconfig */ = {isa = PBXFileReference; includeInIndex = 1; lastKnownFileType = text.xcconfig; name = "Pods-App.release.xcconfig"; path = "Target Support Files/Pods-App/Pods-App.release.xcconfig"; sourceTree = "<group>"; };
		3EB3E1F3CE4C4362C1B3C77B /* Pods-BlackBoxTests.debug.xcconfig */ = {isa = PBXFileReference; includeInIndex = 1; lastKnownFileType = text.xcconfig; name = "Pods-BlackBoxTests.debug.xcconfig"; path = "Target Support Files/Pods-BlackBoxTests/Pods-BlackBoxTests.debug.xcconfig"; sourceTree = "<group>"; };
		551112E4F65ECDFD5B32A9BC /* Pods-GrayBoxTests.release.xcconfig */ = {isa = PBXFileReference; includeInIndex = 1; lastKnownFileType = text.xcconfig; name = "Pods-GrayBoxTests.release.xcconfig"; path = "Target Support Files/Pods-GrayBoxTests/Pods-GrayBoxTests.release.xcconfig"; sourceTree = "<group>"; };
		7DF04FC6AAF2A424A0A29F5B /* Pods_BlackBoxTests.framework */ = {isa = PBXFileReference; explicitFileType = wrapper.framework; includeInIndex = 0; path = Pods_BlackBoxTests.framework; sourceTree = BUILT_PRODUCTS_DIR; };
		D78238E65F6687D544FE1761 /* Pods-GrayBoxTests.debug.xcconfig */ = {isa = PBXFileReference; includeInIndex = 1; lastKnownFileType = text.xcconfig; name = "Pods-GrayBoxTests.debug.xcconfig"; path = "Target Support Files/Pods-GrayBoxTests/Pods-GrayBoxTests.debug.xcconfig"; sourceTree = "<group>"; };
		E1C9DE9FC7C5FD9CD4BCBA1C /* Pods-BlackBoxTests.release.xcconfig */ = {isa = PBXFileReference; includeInIndex = 1; lastKnownFileType = text.xcconfig; name = "Pods-BlackBoxTests.release.xcconfig"; path = "Target Support Files/Pods-BlackBoxTests/Pods-BlackBoxTests.release.xcconfig"; sourceTree = "<group>"; };
		EFDE6213F07420519D992501 /* Pods_App.framework */ = {isa = PBXFileReference; explicitFileType = wrapper.framework; includeInIndex = 0; path = Pods_App.framework; sourceTree = BUILT_PRODUCTS_DIR; };
		F8088F3D24D702D600BACCE7 /* GrayBoxTests.xctest */ = {isa = PBXFileReference; explicitFileType = wrapper.cfbundle; includeInIndex = 0; path = GrayBoxTests.xctest; sourceTree = BUILT_PRODUCTS_DIR; };
		F8088F3F24D702D600BACCE7 /* GrayBoxTests.swift */ = {isa = PBXFileReference; lastKnownFileType = sourcecode.swift; path = GrayBoxTests.swift; sourceTree = "<group>"; };
		F8088F4124D702D600BACCE7 /* Info.plist */ = {isa = PBXFileReference; lastKnownFileType = text.plist.xml; path = Info.plist; sourceTree = "<group>"; };
		F82B27C2229E8E270056AB91 /* App.app */ = {isa = PBXFileReference; explicitFileType = wrapper.application; includeInIndex = 0; path = App.app; sourceTree = BUILT_PRODUCTS_DIR; };
		F82B27C5229E8E280056AB91 /* AppDelegate.swift */ = {isa = PBXFileReference; lastKnownFileType = sourcecode.swift; path = AppDelegate.swift; sourceTree = "<group>"; };
		F82B27C7229E8E280056AB91 /* ViewController.swift */ = {isa = PBXFileReference; lastKnownFileType = sourcecode.swift; path = ViewController.swift; sourceTree = "<group>"; };
		F82B27CA229E8E280056AB91 /* Base */ = {isa = PBXFileReference; lastKnownFileType = file.storyboard; name = Base; path = Base.lproj/Main.storyboard; sourceTree = "<group>"; };
		F82B27CC229E8E290056AB91 /* Assets.xcassets */ = {isa = PBXFileReference; lastKnownFileType = folder.assetcatalog; path = Assets.xcassets; sourceTree = "<group>"; };
		F82B27CF229E8E290056AB91 /* Base */ = {isa = PBXFileReference; lastKnownFileType = file.storyboard; name = Base; path = Base.lproj/LaunchScreen.storyboard; sourceTree = "<group>"; };
		F82B27D1229E8E290056AB91 /* Info.plist */ = {isa = PBXFileReference; lastKnownFileType = text.plist.xml; path = Info.plist; sourceTree = "<group>"; };
		F82B27D6229E8E290056AB91 /* BlackBoxTests.xctest */ = {isa = PBXFileReference; explicitFileType = wrapper.cfbundle; includeInIndex = 0; path = BlackBoxTests.xctest; sourceTree = BUILT_PRODUCTS_DIR; };
		F82B27DC229E8E290056AB91 /* Info.plist */ = {isa = PBXFileReference; lastKnownFileType = text.plist.xml; path = Info.plist; sourceTree = "<group>"; };
		F82B27E6229E8FA30056AB91 /* BlackBoxTests.swift */ = {isa = PBXFileReference; fileEncoding = 4; lastKnownFileType = sourcecode.swift; path = BlackBoxTests.swift; sourceTree = "<group>"; };
		F895F2D22388151A00A41F7F /* BlackBoxTestCaseDependencies.swift */ = {isa = PBXFileReference; lastKnownFileType = sourcecode.swift; path = BlackBoxTestCaseDependencies.swift; sourceTree = "<group>"; };
		F8B2197724D735E900DFEB09 /* TestCase.swift */ = {isa = PBXFileReference; lastKnownFileType = sourcecode.swift; path = TestCase.swift; sourceTree = "<group>"; };
		F8B2197F24D741FE00DFEB09 /* LaunchableApplicationProvider.swift */ = {isa = PBXFileReference; lastKnownFileType = sourcecode.swift; path = LaunchableApplicationProvider.swift; sourceTree = "<group>"; };
		F8B2198324D742B200DFEB09 /* TestCase.swift */ = {isa = PBXFileReference; lastKnownFileType = sourcecode.swift; path = TestCase.swift; sourceTree = "<group>"; };
		F8B2198524D742D000DFEB09 /* GrayBoxTestCaseDependencies.swift */ = {isa = PBXFileReference; lastKnownFileType = sourcecode.swift; path = GrayBoxTestCaseDependencies.swift; sourceTree = "<group>"; };
		FC8EA0557DDC3D0510511CE3 /* Pods_GrayBoxTests.framework */ = {isa = PBXFileReference; explicitFileType = wrapper.framework; includeInIndex = 0; path = Pods_GrayBoxTests.framework; sourceTree = BUILT_PRODUCTS_DIR; };
/* End PBXFileReference section */

/* Begin PBXFrameworksBuildPhase section */
		F8088F3A24D702D600BACCE7 /* Frameworks */ = {
			isa = PBXFrameworksBuildPhase;
			buildActionMask = 2147483647;
			files = (
				70D667AA3541486D006A586E /* Pods_GrayBoxTests.framework in Frameworks */,
			);
			runOnlyForDeploymentPostprocessing = 0;
		};
		F82B27BF229E8E270056AB91 /* Frameworks */ = {
			isa = PBXFrameworksBuildPhase;
			buildActionMask = 2147483647;
			files = (
				3DB2E05D8E6C605505BCE429 /* Pods_App.framework in Frameworks */,
			);
			runOnlyForDeploymentPostprocessing = 0;
		};
		F82B27D3229E8E290056AB91 /* Frameworks */ = {
			isa = PBXFrameworksBuildPhase;
			buildActionMask = 2147483647;
			files = (
				FDA97A681EBDB4DBEDB66F14 /* Pods_BlackBoxTests.framework in Frameworks */,
			);
			runOnlyForDeploymentPostprocessing = 0;
		};
/* End PBXFrameworksBuildPhase section */

/* Begin PBXGroup section */
		6E5D65A61DA994D381D08DA5 /* Pods */ = {
			isa = PBXGroup;
			children = (
				391C9C51CEBDA37AAB2E555D /* Pods-App.debug.xcconfig */,
				3E6721B07F3BD4E3267AF3F3 /* Pods-App.release.xcconfig */,
				3EB3E1F3CE4C4362C1B3C77B /* Pods-BlackBoxTests.debug.xcconfig */,
				E1C9DE9FC7C5FD9CD4BCBA1C /* Pods-BlackBoxTests.release.xcconfig */,
				D78238E65F6687D544FE1761 /* Pods-GrayBoxTests.debug.xcconfig */,
				551112E4F65ECDFD5B32A9BC /* Pods-GrayBoxTests.release.xcconfig */,
			);
			path = Pods;
			sourceTree = "<group>";
		};
		EFBC45DCB801285C5775B5F3 /* Frameworks */ = {
			isa = PBXGroup;
			children = (
				EFDE6213F07420519D992501 /* Pods_App.framework */,
				7DF04FC6AAF2A424A0A29F5B /* Pods_BlackBoxTests.framework */,
				FC8EA0557DDC3D0510511CE3 /* Pods_GrayBoxTests.framework */,
			);
			name = Frameworks;
			sourceTree = "<group>";
		};
		F8088F3E24D702D600BACCE7 /* GrayBoxTests */ = {
			isa = PBXGroup;
			children = (
				F8B2198224D742A800DFEB09 /* DI */,
				F8B2198124D7429A00DFEB09 /* TestCase */,
				F8088F3F24D702D600BACCE7 /* GrayBoxTests.swift */,
				F8088F4124D702D600BACCE7 /* Info.plist */,
			);
			path = GrayBoxTests;
			sourceTree = "<group>";
		};
		F82B27B9229E8E270056AB91 = {
			isa = PBXGroup;
			children = (
				F82B27C4229E8E270056AB91 /* App */,
				F82B27D9229E8E290056AB91 /* BlackBoxTests */,
				F8088F3E24D702D600BACCE7 /* GrayBoxTests */,
				F82B27C3229E8E270056AB91 /* Products */,
				6E5D65A61DA994D381D08DA5 /* Pods */,
				EFBC45DCB801285C5775B5F3 /* Frameworks */,
			);
			sourceTree = "<group>";
		};
		F82B27C3229E8E270056AB91 /* Products */ = {
			isa = PBXGroup;
			children = (
				F82B27C2229E8E270056AB91 /* App.app */,
				F82B27D6229E8E290056AB91 /* BlackBoxTests.xctest */,
				F8088F3D24D702D600BACCE7 /* GrayBoxTests.xctest */,
			);
			name = Products;
			sourceTree = "<group>";
		};
		F82B27C4229E8E270056AB91 /* App */ = {
			isa = PBXGroup;
			children = (
				F82B27C5229E8E280056AB91 /* AppDelegate.swift */,
				F82B27C7229E8E280056AB91 /* ViewController.swift */,
				F82B27C9229E8E280056AB91 /* Main.storyboard */,
				F82B27CC229E8E290056AB91 /* Assets.xcassets */,
				F82B27CE229E8E290056AB91 /* LaunchScreen.storyboard */,
				F82B27D1229E8E290056AB91 /* Info.plist */,
			);
			path = App;
			sourceTree = "<group>";
		};
		F82B27D9229E8E290056AB91 /* BlackBoxTests */ = {
			isa = PBXGroup;
			children = (
				F8B2197924D7401800DFEB09 /* DI */,
				F82B27F0229E8FAC0056AB91 /* TestCase */,
				F82B27E6229E8FA30056AB91 /* BlackBoxTests.swift */,
				F82B27DC229E8E290056AB91 /* Info.plist */,
			);
			path = BlackBoxTests;
			sourceTree = "<group>";
		};
		F82B27F0229E8FAC0056AB91 /* TestCase */ = {
			isa = PBXGroup;
			children = (
				F8B2197724D735E900DFEB09 /* TestCase.swift */,
				F8B2197F24D741FE00DFEB09 /* LaunchableApplicationProvider.swift */,
			);
			path = TestCase;
			sourceTree = "<group>";
		};
		F8B2197924D7401800DFEB09 /* DI */ = {
			isa = PBXGroup;
			children = (
				F895F2D22388151A00A41F7F /* BlackBoxTestCaseDependencies.swift */,
			);
			path = DI;
			sourceTree = "<group>";
		};
		F8B2198124D7429A00DFEB09 /* TestCase */ = {
			isa = PBXGroup;
			children = (
				F8B2198324D742B200DFEB09 /* TestCase.swift */,
			);
			path = TestCase;
			sourceTree = "<group>";
		};
		F8B2198224D742A800DFEB09 /* DI */ = {
			isa = PBXGroup;
			children = (
				F8B2198524D742D000DFEB09 /* GrayBoxTestCaseDependencies.swift */,
			);
			path = DI;
			sourceTree = "<group>";
		};
/* End PBXGroup section */

/* Begin PBXNativeTarget section */
		F8088F3C24D702D600BACCE7 /* GrayBoxTests */ = {
			isa = PBXNativeTarget;
			buildConfigurationList = F8088F4624D702D600BACCE7 /* Build configuration list for PBXNativeTarget "GrayBoxTests" */;
			buildPhases = (
				A7E4B5FAEB6A7425426C5BD6 /* [CP] Check Pods Manifest.lock */,
				F8088F3924D702D600BACCE7 /* Sources */,
				F8088F3A24D702D600BACCE7 /* Frameworks */,
				F8088F3B24D702D600BACCE7 /* Resources */,
				D8D66AA79108919387702248 /* [CP] Embed Pods Frameworks */,
			);
			buildRules = (
			);
			dependencies = (
				F8088F4324D702D600BACCE7 /* PBXTargetDependency */,
			);
			name = GrayBoxTests;
			productName = GrayBoxTests;
			productReference = F8088F3D24D702D600BACCE7 /* GrayBoxTests.xctest */;
			productType = "com.apple.product-type.bundle.unit-test";
		};
		F82B27C1229E8E270056AB91 /* App */ = {
			isa = PBXNativeTarget;
			buildConfigurationList = F82B27DF229E8E290056AB91 /* Build configuration list for PBXNativeTarget "App" */;
			buildPhases = (
				6BDD4CB3BB365D52D4A03278 /* [CP] Check Pods Manifest.lock */,
				F82B27BE229E8E270056AB91 /* Sources */,
				F82B27BF229E8E270056AB91 /* Frameworks */,
				F82B27C0229E8E270056AB91 /* Resources */,
				F228469869890B75E65D79DD /* [CP] Embed Pods Frameworks */,
			);
			buildRules = (
			);
			dependencies = (
			);
			name = App;
			productName = UiTestsDemo;
			productReference = F82B27C2229E8E270056AB91 /* App.app */;
			productType = "com.apple.product-type.application";
		};
		F82B27D5229E8E290056AB91 /* BlackBoxTests */ = {
			isa = PBXNativeTarget;
			buildConfigurationList = F82B27E2229E8E290056AB91 /* Build configuration list for PBXNativeTarget "BlackBoxTests" */;
			buildPhases = (
				2569547B66AA9FA662595B3B /* [CP] Check Pods Manifest.lock */,
				F82B27D2229E8E290056AB91 /* Sources */,
				F82B27D3229E8E290056AB91 /* Frameworks */,
				F82B27D4229E8E290056AB91 /* Resources */,
				C0EA68C31CF1AABDF3D97D05 /* [CP] Embed Pods Frameworks */,
			);
			buildRules = (
			);
			dependencies = (
				F82B27D8229E8E290056AB91 /* PBXTargetDependency */,
			);
			name = BlackBoxTests;
			productName = BlackBoxTests;
			productReference = F82B27D6229E8E290056AB91 /* BlackBoxTests.xctest */;
			productType = "com.apple.product-type.bundle.ui-testing";
		};
/* End PBXNativeTarget section */

/* Begin PBXProject section */
		F82B27BA229E8E270056AB91 /* Project object */ = {
			isa = PBXProject;
			attributes = {
				LastSwiftUpdateCheck = 1130;
				LastUpgradeCheck = 1010;
				ORGANIZATIONNAME = Mixbox;
				TargetAttributes = {
					F8088F3C24D702D600BACCE7 = {
						CreatedOnToolsVersion = 11.3.1;
						TestTargetID = F82B27C1229E8E270056AB91;
					};
					F82B27C1229E8E270056AB91 = {
						CreatedOnToolsVersion = 10.1;
					};
					F82B27D5229E8E290056AB91 = {
						CreatedOnToolsVersion = 10.1;
						LastSwiftMigration = 1010;
						TestTargetID = F82B27C1229E8E270056AB91;
					};
				};
			};
			buildConfigurationList = F82B27BD229E8E270056AB91 /* Build configuration list for PBXProject "UiTestsDemo" */;
			compatibilityVersion = "Xcode 9.3";
			developmentRegion = en;
			hasScannedForEncodings = 0;
			knownRegions = (
				en,
				Base,
			);
			mainGroup = F82B27B9229E8E270056AB91;
			productRefGroup = F82B27C3229E8E270056AB91 /* Products */;
			projectDirPath = "";
			projectRoot = "";
			targets = (
				F82B27C1229E8E270056AB91 /* App */,
				F82B27D5229E8E290056AB91 /* BlackBoxTests */,
				F8088F3C24D702D600BACCE7 /* GrayBoxTests */,
			);
		};
/* End PBXProject section */

/* Begin PBXResourcesBuildPhase section */
		F8088F3B24D702D600BACCE7 /* Resources */ = {
			isa = PBXResourcesBuildPhase;
			buildActionMask = 2147483647;
			files = (
			);
			runOnlyForDeploymentPostprocessing = 0;
		};
		F82B27C0229E8E270056AB91 /* Resources */ = {
			isa = PBXResourcesBuildPhase;
			buildActionMask = 2147483647;
			files = (
				F82B27D0229E8E290056AB91 /* LaunchScreen.storyboard in Resources */,
				F82B27CD229E8E290056AB91 /* Assets.xcassets in Resources */,
				F82B27CB229E8E280056AB91 /* Main.storyboard in Resources */,
			);
			runOnlyForDeploymentPostprocessing = 0;
		};
		F82B27D4229E8E290056AB91 /* Resources */ = {
			isa = PBXResourcesBuildPhase;
			buildActionMask = 2147483647;
			files = (
			);
			runOnlyForDeploymentPostprocessing = 0;
		};
/* End PBXResourcesBuildPhase section */

/* Begin PBXShellScriptBuildPhase section */
		2569547B66AA9FA662595B3B /* [CP] Check Pods Manifest.lock */ = {
			isa = PBXShellScriptBuildPhase;
			buildActionMask = 2147483647;
			files = (
			);
			inputFileListPaths = (
			);
			inputPaths = (
				"${PODS_PODFILE_DIR_PATH}/Podfile.lock",
				"${PODS_ROOT}/Manifest.lock",
			);
			name = "[CP] Check Pods Manifest.lock";
			outputFileListPaths = (
			);
			outputPaths = (
				"$(DERIVED_FILE_DIR)/Pods-BlackBoxTests-checkManifestLockResult.txt",
			);
			runOnlyForDeploymentPostprocessing = 0;
			shellPath = /bin/sh;
			shellScript = "diff \"${PODS_PODFILE_DIR_PATH}/Podfile.lock\" \"${PODS_ROOT}/Manifest.lock\" > /dev/null\nif [ $? != 0 ] ; then\n    # print error to STDERR\n    echo \"error: The sandbox is not in sync with the Podfile.lock. Run 'pod install' or update your CocoaPods installation.\" >&2\n    exit 1\nfi\n# This output is used by Xcode 'outputs' to avoid re-running this script phase.\necho \"SUCCESS\" > \"${SCRIPT_OUTPUT_FILE_0}\"\n";
			showEnvVarsInLog = 0;
		};
		6BDD4CB3BB365D52D4A03278 /* [CP] Check Pods Manifest.lock */ = {
			isa = PBXShellScriptBuildPhase;
			buildActionMask = 2147483647;
			files = (
			);
			inputFileListPaths = (
			);
			inputPaths = (
				"${PODS_PODFILE_DIR_PATH}/Podfile.lock",
				"${PODS_ROOT}/Manifest.lock",
			);
			name = "[CP] Check Pods Manifest.lock";
			outputFileListPaths = (
			);
			outputPaths = (
				"$(DERIVED_FILE_DIR)/Pods-App-checkManifestLockResult.txt",
			);
			runOnlyForDeploymentPostprocessing = 0;
			shellPath = /bin/sh;
			shellScript = "diff \"${PODS_PODFILE_DIR_PATH}/Podfile.lock\" \"${PODS_ROOT}/Manifest.lock\" > /dev/null\nif [ $? != 0 ] ; then\n    # print error to STDERR\n    echo \"error: The sandbox is not in sync with the Podfile.lock. Run 'pod install' or update your CocoaPods installation.\" >&2\n    exit 1\nfi\n# This output is used by Xcode 'outputs' to avoid re-running this script phase.\necho \"SUCCESS\" > \"${SCRIPT_OUTPUT_FILE_0}\"\n";
			showEnvVarsInLog = 0;
		};
		A7E4B5FAEB6A7425426C5BD6 /* [CP] Check Pods Manifest.lock */ = {
			isa = PBXShellScriptBuildPhase;
			buildActionMask = 2147483647;
			files = (
			);
			inputFileListPaths = (
			);
			inputPaths = (
				"${PODS_PODFILE_DIR_PATH}/Podfile.lock",
				"${PODS_ROOT}/Manifest.lock",
			);
			name = "[CP] Check Pods Manifest.lock";
			outputFileListPaths = (
			);
			outputPaths = (
				"$(DERIVED_FILE_DIR)/Pods-GrayBoxTests-checkManifestLockResult.txt",
			);
			runOnlyForDeploymentPostprocessing = 0;
			shellPath = /bin/sh;
			shellScript = "diff \"${PODS_PODFILE_DIR_PATH}/Podfile.lock\" \"${PODS_ROOT}/Manifest.lock\" > /dev/null\nif [ $? != 0 ] ; then\n    # print error to STDERR\n    echo \"error: The sandbox is not in sync with the Podfile.lock. Run 'pod install' or update your CocoaPods installation.\" >&2\n    exit 1\nfi\n# This output is used by Xcode 'outputs' to avoid re-running this script phase.\necho \"SUCCESS\" > \"${SCRIPT_OUTPUT_FILE_0}\"\n";
			showEnvVarsInLog = 0;
		};
		C0EA68C31CF1AABDF3D97D05 /* [CP] Embed Pods Frameworks */ = {
			isa = PBXShellScriptBuildPhase;
			buildActionMask = 2147483647;
			files = (
			);
			inputFileListPaths = (
				"${PODS_ROOT}/Target Support Files/Pods-BlackBoxTests/Pods-BlackBoxTests-frameworks-${CONFIGURATION}-input-files.xcfilelist",
			);
			name = "[CP] Embed Pods Frameworks";
			outputFileListPaths = (
				"${PODS_ROOT}/Target Support Files/Pods-BlackBoxTests/Pods-BlackBoxTests-frameworks-${CONFIGURATION}-output-files.xcfilelist",
			);
			runOnlyForDeploymentPostprocessing = 0;
			shellPath = /bin/sh;
			shellScript = "\"${PODS_ROOT}/Target Support Files/Pods-BlackBoxTests/Pods-BlackBoxTests-frameworks.sh\"\n";
			showEnvVarsInLog = 0;
		};
		D8D66AA79108919387702248 /* [CP] Embed Pods Frameworks */ = {
			isa = PBXShellScriptBuildPhase;
			buildActionMask = 2147483647;
			files = (
			);
			inputFileListPaths = (
				"${PODS_ROOT}/Target Support Files/Pods-GrayBoxTests/Pods-GrayBoxTests-frameworks-${CONFIGURATION}-input-files.xcfilelist",
			);
			name = "[CP] Embed Pods Frameworks";
			outputFileListPaths = (
				"${PODS_ROOT}/Target Support Files/Pods-GrayBoxTests/Pods-GrayBoxTests-frameworks-${CONFIGURATION}-output-files.xcfilelist",
			);
			runOnlyForDeploymentPostprocessing = 0;
			shellPath = /bin/sh;
			shellScript = "\"${PODS_ROOT}/Target Support Files/Pods-GrayBoxTests/Pods-GrayBoxTests-frameworks.sh\"\n";
			showEnvVarsInLog = 0;
		};
		F228469869890B75E65D79DD /* [CP] Embed Pods Frameworks */ = {
			isa = PBXShellScriptBuildPhase;
			buildActionMask = 2147483647;
			files = (
			);
			inputFileListPaths = (
				"${PODS_ROOT}/Target Support Files/Pods-App/Pods-App-frameworks-${CONFIGURATION}-input-files.xcfilelist",
			);
			name = "[CP] Embed Pods Frameworks";
			outputFileListPaths = (
				"${PODS_ROOT}/Target Support Files/Pods-App/Pods-App-frameworks-${CONFIGURATION}-output-files.xcfilelist",
			);
			runOnlyForDeploymentPostprocessing = 0;
			shellPath = /bin/sh;
			shellScript = "\"${PODS_ROOT}/Target Support Files/Pods-App/Pods-App-frameworks.sh\"\n";
			showEnvVarsInLog = 0;
		};
/* End PBXShellScriptBuildPhase section */

/* Begin PBXSourcesBuildPhase section */
		F8088F3924D702D600BACCE7 /* Sources */ = {
			isa = PBXSourcesBuildPhase;
			buildActionMask = 2147483647;
			files = (
				F8088F4024D702D600BACCE7 /* GrayBoxTests.swift in Sources */,
				F8B2198624D742D000DFEB09 /* GrayBoxTestCaseDependencies.swift in Sources */,
				F8B2198424D742B200DFEB09 /* TestCase.swift in Sources */,
			);
			runOnlyForDeploymentPostprocessing = 0;
		};
		F82B27BE229E8E270056AB91 /* Sources */ = {
			isa = PBXSourcesBuildPhase;
			buildActionMask = 2147483647;
			files = (
				F82B27C8229E8E280056AB91 /* ViewController.swift in Sources */,
				F82B27C6229E8E280056AB91 /* AppDelegate.swift in Sources */,
			);
			runOnlyForDeploymentPostprocessing = 0;
		};
		F82B27D2229E8E290056AB91 /* Sources */ = {
			isa = PBXSourcesBuildPhase;
			buildActionMask = 2147483647;
			files = (
				F8B2198024D741FE00DFEB09 /* LaunchableApplicationProvider.swift in Sources */,
				F8B2197824D735E900DFEB09 /* TestCase.swift in Sources */,
				F82B27E7229E8FA30056AB91 /* BlackBoxTests.swift in Sources */,
				F895F2D32388151A00A41F7F /* BlackBoxTestCaseDependencies.swift in Sources */,
			);
			runOnlyForDeploymentPostprocessing = 0;
		};
/* End PBXSourcesBuildPhase section */

/* Begin PBXTargetDependency section */
		F8088F4324D702D600BACCE7 /* PBXTargetDependency */ = {
			isa = PBXTargetDependency;
			target = F82B27C1229E8E270056AB91 /* App */;
			targetProxy = F8088F4224D702D600BACCE7 /* PBXContainerItemProxy */;
		};
		F82B27D8229E8E290056AB91 /* PBXTargetDependency */ = {
			isa = PBXTargetDependency;
			target = F82B27C1229E8E270056AB91 /* App */;
			targetProxy = F82B27D7229E8E290056AB91 /* PBXContainerItemProxy */;
		};
/* End PBXTargetDependency section */

/* Begin PBXVariantGroup section */
		F82B27C9229E8E280056AB91 /* Main.storyboard */ = {
			isa = PBXVariantGroup;
			children = (
				F82B27CA229E8E280056AB91 /* Base */,
			);
			name = Main.storyboard;
			sourceTree = "<group>";
		};
		F82B27CE229E8E290056AB91 /* LaunchScreen.storyboard */ = {
			isa = PBXVariantGroup;
			children = (
				F82B27CF229E8E290056AB91 /* Base */,
			);
			name = LaunchScreen.storyboard;
			sourceTree = "<group>";
		};
/* End PBXVariantGroup section */

/* Begin XCBuildConfiguration section */
		F8088F4424D702D600BACCE7 /* Debug */ = {
			isa = XCBuildConfiguration;
			baseConfigurationReference = D78238E65F6687D544FE1761 /* Pods-GrayBoxTests.debug.xcconfig */;
			buildSettings = {
				BUNDLE_LOADER = "$(TEST_HOST)";
				CODE_SIGN_STYLE = Automatic;
				INFOPLIST_FILE = GrayBoxTests/Info.plist;
				IPHONEOS_DEPLOYMENT_TARGET = 13.2;
				LD_RUNPATH_SEARCH_PATHS = (
					"$(inherited)",
					"@executable_path/Frameworks",
					"@loader_path/Frameworks",
				);
				PRODUCT_BUNDLE_IDENTIFIER = com.mixbox.GrayBoxTests;
				PRODUCT_NAME = "$(TARGET_NAME)";
				SWIFT_VERSION = 5.0;
				TARGETED_DEVICE_FAMILY = "1,2";
				TEST_HOST = "$(BUILT_PRODUCTS_DIR)/App.app/App";
			};
			name = Debug;
		};
		F8088F4524D702D600BACCE7 /* Release */ = {
			isa = XCBuildConfiguration;
			baseConfigurationReference = 551112E4F65ECDFD5B32A9BC /* Pods-GrayBoxTests.release.xcconfig */;
			buildSettings = {
				BUNDLE_LOADER = "$(TEST_HOST)";
				CODE_SIGN_STYLE = Automatic;
				INFOPLIST_FILE = GrayBoxTests/Info.plist;
				IPHONEOS_DEPLOYMENT_TARGET = 13.2;
				LD_RUNPATH_SEARCH_PATHS = (
					"$(inherited)",
					"@executable_path/Frameworks",
					"@loader_path/Frameworks",
				);
				PRODUCT_BUNDLE_IDENTIFIER = com.mixbox.GrayBoxTests;
				PRODUCT_NAME = "$(TARGET_NAME)";
				SWIFT_VERSION = 5.0;
				TARGETED_DEVICE_FAMILY = "1,2";
				TEST_HOST = "$(BUILT_PRODUCTS_DIR)/App.app/App";
			};
			name = Release;
		};
		F82B27DD229E8E290056AB91 /* Debug */ = {
			isa = XCBuildConfiguration;
			buildSettings = {
				ALWAYS_SEARCH_USER_PATHS = NO;
				CLANG_ANALYZER_NONNULL = YES;
				CLANG_ANALYZER_NUMBER_OBJECT_CONVERSION = YES_AGGRESSIVE;
				CLANG_CXX_LANGUAGE_STANDARD = "gnu++14";
				CLANG_CXX_LIBRARY = "libc++";
				CLANG_ENABLE_MODULES = YES;
				CLANG_ENABLE_OBJC_ARC = YES;
				CLANG_ENABLE_OBJC_WEAK = YES;
				CLANG_WARN_BLOCK_CAPTURE_AUTORELEASING = YES;
				CLANG_WARN_BOOL_CONVERSION = YES;
				CLANG_WARN_COMMA = YES;
				CLANG_WARN_CONSTANT_CONVERSION = YES;
				CLANG_WARN_DEPRECATED_OBJC_IMPLEMENTATIONS = YES;
				CLANG_WARN_DIRECT_OBJC_ISA_USAGE = YES_ERROR;
				CLANG_WARN_DOCUMENTATION_COMMENTS = YES;
				CLANG_WARN_EMPTY_BODY = YES;
				CLANG_WARN_ENUM_CONVERSION = YES;
				CLANG_WARN_INFINITE_RECURSION = YES;
				CLANG_WARN_INT_CONVERSION = YES;
				CLANG_WARN_NON_LITERAL_NULL_CONVERSION = YES;
				CLANG_WARN_OBJC_IMPLICIT_RETAIN_SELF = YES;
				CLANG_WARN_OBJC_LITERAL_CONVERSION = YES;
				CLANG_WARN_OBJC_ROOT_CLASS = YES_ERROR;
				CLANG_WARN_RANGE_LOOP_ANALYSIS = YES;
				CLANG_WARN_STRICT_PROTOTYPES = YES;
				CLANG_WARN_SUSPICIOUS_MOVE = YES;
				CLANG_WARN_UNGUARDED_AVAILABILITY = YES_AGGRESSIVE;
				CLANG_WARN_UNREACHABLE_CODE = YES;
				CLANG_WARN__DUPLICATE_METHOD_MATCH = YES;
				CODE_SIGN_IDENTITY = "iPhone Developer";
				COPY_PHASE_STRIP = NO;
				DEBUG_INFORMATION_FORMAT = dwarf;
				ENABLE_STRICT_OBJC_MSGSEND = YES;
				ENABLE_TESTABILITY = YES;
				GCC_C_LANGUAGE_STANDARD = gnu11;
				GCC_DYNAMIC_NO_PIC = NO;
				GCC_NO_COMMON_BLOCKS = YES;
				GCC_OPTIMIZATION_LEVEL = 0;
				GCC_PREPROCESSOR_DEFINITIONS = (
					"DEBUG=1",
					"$(inherited)",
				);
				GCC_WARN_64_TO_32_BIT_CONVERSION = YES;
				GCC_WARN_ABOUT_RETURN_TYPE = YES_ERROR;
				GCC_WARN_UNDECLARED_SELECTOR = YES;
				GCC_WARN_UNINITIALIZED_AUTOS = YES_AGGRESSIVE;
				GCC_WARN_UNUSED_FUNCTION = YES;
				GCC_WARN_UNUSED_VARIABLE = YES;
				IPHONEOS_DEPLOYMENT_TARGET = 13.0;
				MTL_ENABLE_DEBUG_INFO = INCLUDE_SOURCE;
				MTL_FAST_MATH = YES;
				ONLY_ACTIVE_ARCH = YES;
				SDKROOT = iphoneos;
				SWIFT_ACTIVE_COMPILATION_CONDITIONS = DEBUG;
				SWIFT_OPTIMIZATION_LEVEL = "-Onone";
			};
			name = Debug;
		};
		F82B27DE229E8E290056AB91 /* Release */ = {
			isa = XCBuildConfiguration;
			buildSettings = {
				ALWAYS_SEARCH_USER_PATHS = NO;
				CLANG_ANALYZER_NONNULL = YES;
				CLANG_ANALYZER_NUMBER_OBJECT_CONVERSION = YES_AGGRESSIVE;
				CLANG_CXX_LANGUAGE_STANDARD = "gnu++14";
				CLANG_CXX_LIBRARY = "libc++";
				CLANG_ENABLE_MODULES = YES;
				CLANG_ENABLE_OBJC_ARC = YES;
				CLANG_ENABLE_OBJC_WEAK = YES;
				CLANG_WARN_BLOCK_CAPTURE_AUTORELEASING = YES;
				CLANG_WARN_BOOL_CONVERSION = YES;
				CLANG_WARN_COMMA = YES;
				CLANG_WARN_CONSTANT_CONVERSION = YES;
				CLANG_WARN_DEPRECATED_OBJC_IMPLEMENTATIONS = YES;
				CLANG_WARN_DIRECT_OBJC_ISA_USAGE = YES_ERROR;
				CLANG_WARN_DOCUMENTATION_COMMENTS = YES;
				CLANG_WARN_EMPTY_BODY = YES;
				CLANG_WARN_ENUM_CONVERSION = YES;
				CLANG_WARN_INFINITE_RECURSION = YES;
				CLANG_WARN_INT_CONVERSION = YES;
				CLANG_WARN_NON_LITERAL_NULL_CONVERSION = YES;
				CLANG_WARN_OBJC_IMPLICIT_RETAIN_SELF = YES;
				CLANG_WARN_OBJC_LITERAL_CONVERSION = YES;
				CLANG_WARN_OBJC_ROOT_CLASS = YES_ERROR;
				CLANG_WARN_RANGE_LOOP_ANALYSIS = YES;
				CLANG_WARN_STRICT_PROTOTYPES = YES;
				CLANG_WARN_SUSPICIOUS_MOVE = YES;
				CLANG_WARN_UNGUARDED_AVAILABILITY = YES_AGGRESSIVE;
				CLANG_WARN_UNREACHABLE_CODE = YES;
				CLANG_WARN__DUPLICATE_METHOD_MATCH = YES;
				CODE_SIGN_IDENTITY = "iPhone Developer";
				COPY_PHASE_STRIP = NO;
				DEBUG_INFORMATION_FORMAT = "dwarf-with-dsym";
				ENABLE_NS_ASSERTIONS = NO;
				ENABLE_STRICT_OBJC_MSGSEND = YES;
				GCC_C_LANGUAGE_STANDARD = gnu11;
				GCC_NO_COMMON_BLOCKS = YES;
				GCC_WARN_64_TO_32_BIT_CONVERSION = YES;
				GCC_WARN_ABOUT_RETURN_TYPE = YES_ERROR;
				GCC_WARN_UNDECLARED_SELECTOR = YES;
				GCC_WARN_UNINITIALIZED_AUTOS = YES_AGGRESSIVE;
				GCC_WARN_UNUSED_FUNCTION = YES;
				GCC_WARN_UNUSED_VARIABLE = YES;
				IPHONEOS_DEPLOYMENT_TARGET = 13.0;
				MTL_ENABLE_DEBUG_INFO = NO;
				MTL_FAST_MATH = YES;
				SDKROOT = iphoneos;
				SWIFT_COMPILATION_MODE = wholemodule;
				SWIFT_OPTIMIZATION_LEVEL = "-O";
				VALIDATE_PRODUCT = YES;
			};
			name = Release;
		};
		F82B27E0229E8E290056AB91 /* Debug */ = {
			isa = XCBuildConfiguration;
			baseConfigurationReference = 391C9C51CEBDA37AAB2E555D /* Pods-App.debug.xcconfig */;
			buildSettings = {
				ASSETCATALOG_COMPILER_APPICON_NAME = AppIcon;
				CODE_SIGN_STYLE = Automatic;
				INFOPLIST_FILE = App/Info.plist;
				LD_RUNPATH_SEARCH_PATHS = (
					"$(inherited)",
					"@executable_path/Frameworks",
				);
				PRODUCT_BUNDLE_IDENTIFIER = com.mixbox.UiTestsDemo;
				PRODUCT_NAME = "$(TARGET_NAME)";
				SWIFT_VERSION = 4.2;
				TARGETED_DEVICE_FAMILY = "1,2";
			};
			name = Debug;
		};
		F82B27E1229E8E290056AB91 /* Release */ = {
			isa = XCBuildConfiguration;
			baseConfigurationReference = 3E6721B07F3BD4E3267AF3F3 /* Pods-App.release.xcconfig */;
			buildSettings = {
				ASSETCATALOG_COMPILER_APPICON_NAME = AppIcon;
				CODE_SIGN_STYLE = Automatic;
				INFOPLIST_FILE = App/Info.plist;
				LD_RUNPATH_SEARCH_PATHS = (
					"$(inherited)",
					"@executable_path/Frameworks",
				);
				PRODUCT_BUNDLE_IDENTIFIER = com.mixbox.UiTestsDemo;
				PRODUCT_NAME = "$(TARGET_NAME)";
				SWIFT_VERSION = 4.2;
				TARGETED_DEVICE_FAMILY = "1,2";
			};
			name = Release;
		};
		F82B27E3229E8E290056AB91 /* Debug */ = {
			isa = XCBuildConfiguration;
			baseConfigurationReference = 3EB3E1F3CE4C4362C1B3C77B /* Pods-BlackBoxTests.debug.xcconfig */;
			buildSettings = {
				ALWAYS_EMBED_SWIFT_STANDARD_LIBRARIES = YES;
				CLANG_ENABLE_MODULES = YES;
				CODE_SIGN_STYLE = Automatic;
				INFOPLIST_FILE = BlackBoxTests/Info.plist;
				LD_RUNPATH_SEARCH_PATHS = (
					"$(inherited)",
					"@executable_path/Frameworks",
					"@loader_path/Frameworks",
				);
				PRODUCT_BUNDLE_IDENTIFIER = com.mixbox.BlackBoxTests;
				PRODUCT_NAME = "$(TARGET_NAME)";
				PROVISIONING_PROFILE = "";
				SWIFT_OPTIMIZATION_LEVEL = "-Onone";
				SWIFT_VERSION = 4.2;
				TARGETED_DEVICE_FAMILY = "1,2";
				TEST_TARGET_NAME = App;
			};
			name = Debug;
		};
		F82B27E4229E8E290056AB91 /* Release */ = {
			isa = XCBuildConfiguration;
			baseConfigurationReference = E1C9DE9FC7C5FD9CD4BCBA1C /* Pods-BlackBoxTests.release.xcconfig */;
			buildSettings = {
				ALWAYS_EMBED_SWIFT_STANDARD_LIBRARIES = YES;
				CLANG_ENABLE_MODULES = YES;
				CODE_SIGN_STYLE = Automatic;
				INFOPLIST_FILE = BlackBoxTests/Info.plist;
				LD_RUNPATH_SEARCH_PATHS = (
					"$(inherited)",
					"@executable_path/Frameworks",
					"@loader_path/Frameworks",
				);
				PRODUCT_BUNDLE_IDENTIFIER = com.mixbox.BlackBoxTests;
				PRODUCT_NAME = "$(TARGET_NAME)";
				PROVISIONING_PROFILE = "";
				SWIFT_VERSION = 4.2;
				TARGETED_DEVICE_FAMILY = "1,2";
				TEST_TARGET_NAME = App;
			};
			name = Release;
		};
/* End XCBuildConfiguration section */

/* Begin XCConfigurationList section */
		F8088F4624D702D600BACCE7 /* Build configuration list for PBXNativeTarget "GrayBoxTests" */ = {
			isa = XCConfigurationList;
			buildConfigurations = (
				F8088F4424D702D600BACCE7 /* Debug */,
				F8088F4524D702D600BACCE7 /* Release */,
			);
			defaultConfigurationIsVisible = 0;
			defaultConfigurationName = Release;
		};
		F82B27BD229E8E270056AB91 /* Build configuration list for PBXProject "UiTestsDemo" */ = {
			isa = XCConfigurationList;
			buildConfigurations = (
				F82B27DD229E8E290056AB91 /* Debug */,
				F82B27DE229E8E290056AB91 /* Release */,
			);
			defaultConfigurationIsVisible = 0;
			defaultConfigurationName = Release;
		};
		F82B27DF229E8E290056AB91 /* Build configuration list for PBXNativeTarget "App" */ = {
			isa = XCConfigurationList;
			buildConfigurations = (
				F82B27E0229E8E290056AB91 /* Debug */,
				F82B27E1229E8E290056AB91 /* Release */,
			);
			defaultConfigurationIsVisible = 0;
			defaultConfigurationName = Release;
		};
		F82B27E2229E8E290056AB91 /* Build configuration list for PBXNativeTarget "BlackBoxTests" */ = {
			isa = XCConfigurationList;
			buildConfigurations = (
				F82B27E3229E8E290056AB91 /* Debug */,
				F82B27E4229E8E290056AB91 /* Release */,
			);
			defaultConfigurationIsVisible = 0;
			defaultConfigurationName = Release;
		};
/* End XCConfigurationList section */
	};
	rootObject = F82B27BA229E8E270056AB91 /* Project object */;
}
