PODS:
  - CocoaImageHashing (1.6.1)
  - GCDWebServer (3.5.2):
    - GCDWebServer/Core (= 3.5.2)
  - GCDWebServer/Core (3.5.2)
  - MixboxArtifacts (0.0.2)
  - MixboxBuiltinIpc (0.0.2):
    - GCDWebServer
    - MixboxIpc
  - MixboxFoundation (0.0.2)
  - MixboxInAppServices (0.0.2):
    - MixboxBuiltinIpc
    - MixboxIpcCommon
    - MixboxIpcSbtuiHost
    - MixboxTestability
    - MixboxUiKit
  - MixboxIpc (0.0.2):
    - MixboxFoundation
  - MixboxIpcClients (0.0.2):
    - MixboxIpcCommon
  - MixboxIpcCommon (0.0.2):
    - MixboxIpc
  - MixboxIpcSbtuiClient (0.0.2):
    - MixboxIpc
    - SBTUITestTunnel/Client (~> 3.0.6)
  - MixboxIpcSbtuiHost (0.0.2):
    - MixboxIpc
    - SBTUITestTunnel/Server (~> 3.0.6)
  - MixboxReporting (0.0.2):
    - MixboxArtifacts
    - MixboxFoundation
  - MixboxTestability (0.0.2)
  - MixboxTestsFoundation (0.0.2):
    - MixboxArtifacts
    - MixboxFoundation
    - MixboxReporting
    - SQLite.swift
  - MixboxUiKit (0.0.2):
    - MixboxFoundation
  - MixboxUiTestsFoundation (0.0.2):
    - CocoaImageHashing
    - MixboxIpcCommon
    - MixboxReporting
    - MixboxTestsFoundation
    - MixboxUiKit
  - MixboxXcuiDriver (0.0.2):
    - MixboxIpcClients
    - MixboxUiKit
    - MixboxUiTestsFoundation
  - SBTUITestTunnel/Client (3.0.14)
  - SBTUITestTunnel/Server (3.0.14):
    - GCDWebServer (~> 3.0)
  - SQLite.swift (0.11.5):
    - SQLite.swift/standard (= 0.11.5)
  - SQLite.swift/standard (0.11.5)

DEPENDENCIES:
  - MixboxInAppServices (= 0.0.2)
  - MixboxIpcSbtuiClient (= 0.0.2)
  - MixboxXcuiDriver (= 0.0.2)

SPEC REPOS:
  https://github.com/cocoapods/specs.git:
    - CocoaImageHashing
    - GCDWebServer
    - MixboxArtifacts
    - MixboxBuiltinIpc
    - MixboxFoundation
    - MixboxInAppServices
    - MixboxIpc
    - MixboxIpcClients
    - MixboxIpcCommon
    - MixboxIpcSbtuiClient
    - MixboxIpcSbtuiHost
    - MixboxReporting
    - MixboxTestability
    - MixboxTestsFoundation
    - MixboxUiKit
    - MixboxUiTestsFoundation
    - MixboxXcuiDriver
    - SBTUITestTunnel
    - SQLite.swift

SPEC CHECKSUMS:
  CocoaImageHashing: d7d3813c5aeb6ddcf4e57219dc63c741b8a16e0a
  GCDWebServer: ead88cd14596dd4eae4f5830b8877c87c8728990
  MixboxArtifacts: 222c50cf642856e8c5a9a23d346c993ba30144b1
  MixboxBuiltinIpc: aca53e4a5ad5f3b33ebb2f9bb62a7f28e1483f71
  MixboxFoundation: 198790e429d78173190d8517b0c0359c3ee67d27
  MixboxInAppServices: 3fe09266eea7708e0fe3e90c54d1b331d5c712cb
  MixboxIpc: 1f1ba90f9bef3f8dd690f22e5f0568b7391d7896
  MixboxIpcClients: dc910e1e5c52c16678ea378871a70bc1577df7ac
  MixboxIpcCommon: 3d97efeb237e21c682f415202e8a74ca76aaaad6
  MixboxIpcSbtuiClient: c3c3bb6c26ad5348b9b8064bc9223abd89b6c487
  MixboxIpcSbtuiHost: c84863c54cbd6a8d9b7ce08322ed59b5b914ad2b
  MixboxReporting: 694ad87fd1b60b0cc6b5b79ec146ee2b4bfd8e34
  MixboxTestability: 46b97a5c8c31bcb662b7af00a74619da68acc5b6
  MixboxTestsFoundation: 41a38f09274fdfa8984af6999352f1b1ad921d91
  MixboxUiKit: 5d81cc3bef30065a3cdf38eab870794080e955c5
  MixboxUiTestsFoundation: 30a1ae6e678260367a4430466cdd4165bec5e795
  MixboxXcuiDriver: 11e359f0c455fb00cd3589588bff8f365dbe3109
  SBTUITestTunnel: 50c315f2fd1bfd144be8e0eb4c0a1e35ccbe5e9f
  SQLite.swift: 6e5356850bb1791459f8c16d6ee9195b28714a2e

PODFILE CHECKSUM: 693ad538a95e8b9db6b7970e8102b52fba0bbd25

COCOAPODS: 1.5.3
