PODS:
  - CocoaImageHashing (1.7.0)
  - DynamicCodable (1.0)
  - GCDWebServer (3.5.2):
    - GCDWebServer/Core (= 3.5.2)
  - GCDWebServer/Core (3.5.2)
  - MixboxArtifacts (0.2.0)
  - MixboxBuiltinIpc (0.2.0):
    - GCDWebServer
    - MixboxIpc
  - MixboxFoundation (0.2.0)
  - MixboxInAppServices (0.2.0):
    - MixboxBuiltinIpc
    - MixboxIpcCommon
    - MixboxIpcSbtuiHost
    - MixboxTestability
    - MixboxUiKit
  - MixboxIpc (0.2.0):
    - MixboxFoundation
  - MixboxIpcCommon (0.2.0):
    - MixboxIpc
  - MixboxIpcSbtuiClient (0.2.0):
    - MixboxIpc
    - MixboxTestsFoundation
    - MixboxUiTestsFoundation
    - SBTUITestTunnel/Client (~> 3.0.6)
  - MixboxIpcSbtuiHost (0.2.0):
    - MixboxIpc
    - SBTUITestTunnel/Server (~> 3.0.6)
  - MixboxReporting (0.2.0):
    - MixboxArtifacts
    - MixboxFoundation
  - MixboxTestability (0.2.0)
  - MixboxTestsFoundation (0.2.0):
    - MixboxArtifacts
    - MixboxFoundation
    - MixboxReporting
    - MixboxUiKit
    - SQLite.swift
  - MixboxUiKit (0.2.0):
    - MixboxFoundation
  - MixboxUiTestsFoundation (0.2.0):
    - CocoaImageHashing
    - DynamicCodable
    - MixboxIpcCommon
    - MixboxReporting
    - MixboxTestsFoundation
    - MixboxUiKit
  - MixboxXcuiDriver (0.2.0):
    - MixboxIpcSbtuiClient
    - MixboxUiTestsFoundation
  - SBTUITestTunnel/Client (3.0.14)
  - SBTUITestTunnel/Server (3.0.14):
    - GCDWebServer (~> 3.0)
  - SQLite.swift (0.12.0):
    - SQLite.swift/standard (= 0.12.0)
  - SQLite.swift/standard (0.12.0)

DEPENDENCIES:
  - MixboxInAppServices (= 0.2.0)
  - MixboxIpcSbtuiClient (= 0.2.0)
  - MixboxXcuiDriver (= 0.2.0)

SPEC REPOS:
  "/Users/razinov/.cocoapods/repos/MixboxSpecRepo":
    - MixboxArtifacts
    - MixboxBuiltinIpc
    - MixboxFoundation
    - MixboxInAppServices
    - MixboxIpc
    - MixboxIpcCommon
    - MixboxIpcSbtuiClient
    - MixboxIpcSbtuiHost
    - MixboxReporting
    - MixboxTestability
    - MixboxTestsFoundation
    - MixboxUiKit
    - MixboxUiTestsFoundation
    - MixboxXcuiDriver
  https://github.com/cocoapods/specs.git:
    - CocoaImageHashing
    - DynamicCodable
    - GCDWebServer
    - SBTUITestTunnel
    - SQLite.swift

SPEC CHECKSUMS:
  CocoaImageHashing: 2c8efd6dd60f9030cd54086b34ffc48e927821c3
  DynamicCodable: 2cf558d057b3e6540552943254e1c9eeb706dde2
  GCDWebServer: ead88cd14596dd4eae4f5830b8877c87c8728990
  MixboxArtifacts: 58a544dd6d727a17e730643d7b305ecdd223990f
  MixboxBuiltinIpc: 9eb5512fea2c257e7896103a72137d7fa1f31e34
  MixboxFoundation: 0c0213c8b2bae43158000becaf170963efcad8c2
  MixboxInAppServices: bc7401afac4ddb7e743c7538167068bf13b64d9d
  MixboxIpc: f9b20261f7246a36122eebbefafc48e187e607c6
  MixboxIpcCommon: 08feb3307a5d3fc974142c17aefada4ce719dfcf
  MixboxIpcSbtuiClient: 10e5994662dbe4f59fdc2e322b90610acd1eaa58
  MixboxIpcSbtuiHost: e678e590ea1e86d793dff0dec45a3d5cfc070d52
  MixboxReporting: 3b9240d24958f9c821d54d39733415005ff2d362
  MixboxTestability: 4e6df78aac10db768f27d2ecce7e6d56ac98c9c1
  MixboxTestsFoundation: d101a2d70aea007134ffc4dd15c8071f63195a70
  MixboxUiKit: e36a3f827b5a28866a9b10b886feb8a43186a9a0
  MixboxUiTestsFoundation: 54ed649680a04d5298c015f68a1f82a676531f72
  MixboxXcuiDriver: 38d5ac849399a34dffa0dc64bbb1920f11dad004
  SBTUITestTunnel: 50c315f2fd1bfd144be8e0eb4c0a1e35ccbe5e9f
  SQLite.swift: 7cad9db150a03716336e69469ec9559c85aece5b

PODFILE CHECKSUM: bbaddc9101e593a7fe50d44775aa7f74c6722d9f

COCOAPODS: 1.7.0
