PODS:
  - GCDWebServer (3.5.4):
    - GCDWebServer/Core (= 3.5.4)
  - GCDWebServer/Core (3.5.4)
  - MixboxAnyCodable (0.2.136)
  - MixboxBlack (0.2.136):
    - MixboxDi
    - MixboxFoundation
    - MixboxIpc
    - MixboxIpcCommon
    - MixboxIpcSbtuiClient
    - MixboxSBTUITestTunnelClient
    - MixboxSBTUITestTunnelCommon
    - MixboxTestsFoundation
    - MixboxUiTestsFoundation
  - MixboxBuiltinDi (0.2.136):
    - MixboxDi
  - MixboxBuiltinIpc (0.2.136):
    - GCDWebServer
    - MixboxIpc
  - MixboxCocoaImageHashing (0.2.136)
  - MixboxDi (0.2.136)
  - MixboxFoundation (0.2.136)
  - MixboxGray (0.2.136):
    - MixboxDi
    - MixboxInAppServices
    - MixboxUiKit
    - MixboxUiTestsFoundation
  - MixboxInAppServices (0.2.136):
    - MixboxBuiltinDi
    - MixboxBuiltinIpc
    - MixboxIoKit
    - MixboxIpcCommon
    - MixboxIpcSbtuiHost
    - MixboxSBTUITestTunnelServer
    - MixboxTestability
    - MixboxUiKit
  - MixboxIoKit (0.2.136):
    - MixboxFoundation
  - MixboxIpc (0.2.136):
    - MixboxFoundation
  - MixboxIpcCommon (0.2.136):
    - MixboxAnyCodable
    - MixboxIpc
  - MixboxIpcSbtuiClient (0.2.136):
    - MixboxIpc
    - MixboxSBTUITestTunnelClient
    - MixboxTestsFoundation
    - MixboxUiTestsFoundation
  - MixboxIpcSbtuiHost (0.2.136):
    - MixboxIpc
    - MixboxSBTUITestTunnelServer
  - MixboxSBTUITestTunnelClient (0.2.136):
    - MixboxSBTUITestTunnelCommon
  - MixboxSBTUITestTunnelCommon (0.2.136)
  - MixboxSBTUITestTunnelServer (0.2.136):
    - GCDWebServer (~> 3.0)
    - MixboxSBTUITestTunnelCommon
  - MixboxTestability (0.2.136)
  - MixboxTestsFoundation (0.2.136):
    - MixboxBuiltinDi
    - MixboxFoundation
    - MixboxUiKit
    - SQLite.swift
  - MixboxUiKit (0.2.136):
    - MixboxFoundation
  - MixboxUiTestsFoundation (0.2.136):
    - MixboxAnyCodable
    - MixboxCocoaImageHashing
    - MixboxDi
    - MixboxIpcCommon
    - MixboxTestsFoundation
    - MixboxUiKit
  - SQLite.swift (0.12.2):
    - SQLite.swift/standard (= 0.12.2)
  - SQLite.swift/standard (0.12.2)
  - UiTestsSharedCode (0.1.0):
    - MixboxUiTestsFoundation

DEPENDENCIES:
  - MixboxAnyCodable (from `../..`)
  - MixboxBlack (from `../..`)
  - MixboxBuiltinDi (from `../..`)
  - MixboxBuiltinIpc (from `../..`)
  - MixboxCocoaImageHashing (from `../..`)
  - MixboxDi (from `../..`)
  - MixboxFoundation (from `../..`)
  - MixboxGray (from `../..`)
  - MixboxInAppServices (from `../..`)
  - MixboxIoKit (from `../..`)
  - MixboxIpc (from `../..`)
  - MixboxIpcCommon (from `../..`)
  - MixboxIpcSbtuiClient (from `../..`)
  - MixboxIpcSbtuiHost (from `../..`)
  - MixboxSBTUITestTunnelClient (from `../..`)
  - MixboxSBTUITestTunnelCommon (from `../..`)
  - MixboxSBTUITestTunnelServer (from `../..`)
  - MixboxTestability (from `../..`)
  - MixboxTestsFoundation (from `../..`)
  - MixboxUiKit (from `../..`)
  - MixboxUiTestsFoundation (from `../..`)
  - UiTestsSharedCode (from `Frameworks/UiTestsSharedCode`)

SPEC REPOS:
  trunk:
    - GCDWebServer
    - SQLite.swift

EXTERNAL SOURCES:
  MixboxAnyCodable:
    :path: "../.."
  MixboxBlack:
    :path: "../.."
  MixboxBuiltinDi:
    :path: "../.."
  MixboxBuiltinIpc:
    :path: "../.."
  MixboxCocoaImageHashing:
    :path: "../.."
  MixboxDi:
    :path: "../.."
  MixboxFoundation:
    :path: "../.."
  MixboxGray:
    :path: "../.."
  MixboxInAppServices:
    :path: "../.."
  MixboxIoKit:
    :path: "../.."
  MixboxIpc:
    :path: "../.."
  MixboxIpcCommon:
    :path: "../.."
  MixboxIpcSbtuiClient:
    :path: "../.."
  MixboxIpcSbtuiHost:
    :path: "../.."
  MixboxSBTUITestTunnelClient:
    :path: "../.."
  MixboxSBTUITestTunnelCommon:
    :path: "../.."
  MixboxSBTUITestTunnelServer:
    :path: "../.."
  MixboxTestability:
    :path: "../.."
  MixboxTestsFoundation:
    :path: "../.."
  MixboxUiKit:
    :path: "../.."
  MixboxUiTestsFoundation:
    :path: "../.."
  UiTestsSharedCode:
    :path: "Frameworks/UiTestsSharedCode"

SPEC CHECKSUMS:
  GCDWebServer: 2c156a56c8226e2d5c0c3f208a3621ccffbe3ce4
  MixboxAnyCodable: 446078619d7f6dc47247a00ccb6488cb9e03704d
  MixboxBlack: 1553314844db87a3b25b3047d8ebf601e65ad69d
  MixboxBuiltinDi: 985e8922a27ec5925571432ea700afa7f7efe9cc
  MixboxBuiltinIpc: 14c1936a71ddc7f1f186301912c526c79501342e
  MixboxCocoaImageHashing: 6eb4f751ca4ce0656827e9488aa16f4a74a88b18
  MixboxDi: ad2cbdd18603c742e95e16f57218a9539f6c683f
  MixboxFoundation: edd3e75ccfa7a9e524b9ac042cb62cf2eacb9554
  MixboxGray: a30b7fdee70b0dfe6598242fdfb0d9f6e72c0784
  MixboxInAppServices: dd4343293f7e72d67ab044efa8930b30833910a6
  MixboxIoKit: 434f10e712a2cbba149797adc1bed7ab0725f71c
  MixboxIpc: 97bef6d52bea26882dc926943e4061682b9319b1
  MixboxIpcCommon: fa6f5213f473a61ba9afccad63b254cfd9417be8
  MixboxIpcSbtuiClient: 6a247eee9ff2a8f8c3d61896c75f4338214d9b56
  MixboxIpcSbtuiHost: e4ed76bc248cf97eeffb061790bec24a6d33649c
  MixboxSBTUITestTunnelClient: fff86ba12e3bcd7432ca3fbdaedb391492fee1ce
  MixboxSBTUITestTunnelCommon: 5e3eb304a9d8e0cf384d6da9b45896ad0407ad0e
  MixboxSBTUITestTunnelServer: 47fb4ed3353eabe3da795bd1355cb306e6f45162
  MixboxTestability: 852ea5593b3cdaf645f604f2741e32f0ffcf13d1
  MixboxTestsFoundation: aa2557ca6686759ebe6a70c105b45a564fa5fe6a
  MixboxUiKit: 143890af049beaa326605839082f09e342a1bd0c
  MixboxUiTestsFoundation: b294e00a541d420020a938f2ef606f34b09118dd
  SQLite.swift: d2b4642190917051ce6bd1d49aab565fe794eea3
  UiTestsSharedCode: 4ecc517b961e5002d26f35dcfb6e60a5fd094ea5

PODFILE CHECKSUM: f000000000000000000000000000000000000000

COCOAPODS: 1.10.0
