PODS:
  - GCDWebServer (3.5.4):
    - GCDWebServer/Core (= 3.5.4)
  - GCDWebServer/Core (3.5.4)
  - MixboxAnyCodable (0.2.117)
  - MixboxBlack (0.2.117):
    - MixboxDi
    - MixboxIpcSbtuiClient
    - MixboxSBTUITestTunnelClient
    - MixboxUiTestsFoundation
  - MixboxBuiltinDi (0.2.117):
    - MixboxDi
  - MixboxBuiltinIpc (0.2.117):
    - GCDWebServer
    - MixboxIpc
  - MixboxCocoaImageHashing (0.2.117)
  - MixboxDi (0.2.117)
  - MixboxFoundation (0.2.117)
  - MixboxGray (0.2.117):
    - MixboxDi
    - MixboxInAppServices
    - MixboxUiKit
    - MixboxUiTestsFoundation
  - MixboxInAppServices (0.2.117):
    - MixboxBuiltinDi
    - MixboxBuiltinIpc
    - MixboxIoKit
    - MixboxIpcCommon
    - MixboxIpcSbtuiHost
    - MixboxTestability
    - MixboxUiKit
  - MixboxIoKit (0.2.117):
    - MixboxFoundation
  - MixboxIpc (0.2.117):
    - MixboxFoundation
  - MixboxIpcCommon (0.2.117):
    - MixboxAnyCodable
    - MixboxIpc
  - MixboxIpcSbtuiClient (0.2.117):
    - MixboxIpc
    - MixboxSBTUITestTunnelClient
    - MixboxTestsFoundation
    - MixboxUiTestsFoundation
  - MixboxIpcSbtuiHost (0.2.117):
    - MixboxIpc
    - MixboxSBTUITestTunnelServer
  - MixboxSBTUITestTunnelClient (0.2.117):
    - MixboxSBTUITestTunnelCommon
  - MixboxSBTUITestTunnelCommon (0.2.117)
  - MixboxSBTUITestTunnelServer (0.2.117):
    - GCDWebServer (~> 3.0)
    - MixboxSBTUITestTunnelCommon
  - MixboxTestability (0.2.117)
  - MixboxTestsFoundation (0.2.117):
    - MixboxBuiltinDi
    - MixboxFoundation
    - MixboxUiKit
    - SQLite.swift
  - MixboxUiKit (0.2.117):
    - MixboxFoundation
  - MixboxUiTestsFoundation (0.2.117):
    - MixboxAnyCodable
    - MixboxCocoaImageHashing
    - MixboxDi
    - MixboxIpcCommon
    - MixboxTestsFoundation
    - MixboxUiKit
  - SQLite.swift (0.12.2):
    - SQLite.swift/standard (= 0.12.2)
  - SQLite.swift/standard (0.12.2)
  - UiTestsSharedCode (0.1.0):
    - MixboxUiTestsFoundation

DEPENDENCIES:
  - MixboxAnyCodable (from `../..`)
  - MixboxBlack (from `../..`)
  - MixboxBuiltinDi (from `../..`)
  - MixboxBuiltinIpc (from `../..`)
  - MixboxCocoaImageHashing (from `../..`)
  - MixboxDi (from `../..`)
  - MixboxFoundation (from `../..`)
  - MixboxGray (from `../..`)
  - MixboxInAppServices (from `../..`)
  - MixboxIoKit (from `../..`)
  - MixboxIpc (from `../..`)
  - MixboxIpcCommon (from `../..`)
  - MixboxIpcSbtuiClient (from `../..`)
  - MixboxIpcSbtuiHost (from `../..`)
  - MixboxSBTUITestTunnelClient (from `../..`)
  - MixboxSBTUITestTunnelCommon (from `../..`)
  - MixboxSBTUITestTunnelServer (from `../..`)
  - MixboxTestability (from `../..`)
  - MixboxTestsFoundation (from `../..`)
  - MixboxUiKit (from `../..`)
  - MixboxUiTestsFoundation (from `../..`)
  - UiTestsSharedCode (from `Frameworks/UiTestsSharedCode`)

SPEC REPOS:
  trunk:
    - GCDWebServer
    - SQLite.swift

EXTERNAL SOURCES:
  MixboxAnyCodable:
    :path: "../.."
  MixboxBlack:
    :path: "../.."
  MixboxBuiltinDi:
    :path: "../.."
  MixboxBuiltinIpc:
    :path: "../.."
  MixboxCocoaImageHashing:
    :path: "../.."
  MixboxDi:
    :path: "../.."
  MixboxFoundation:
    :path: "../.."
  MixboxGray:
    :path: "../.."
  MixboxInAppServices:
    :path: "../.."
  MixboxIoKit:
    :path: "../.."
  MixboxIpc:
    :path: "../.."
  MixboxIpcCommon:
    :path: "../.."
  MixboxIpcSbtuiClient:
    :path: "../.."
  MixboxIpcSbtuiHost:
    :path: "../.."
  MixboxSBTUITestTunnelClient:
    :path: "../.."
  MixboxSBTUITestTunnelCommon:
    :path: "../.."
  MixboxSBTUITestTunnelServer:
    :path: "../.."
  MixboxTestability:
    :path: "../.."
  MixboxTestsFoundation:
    :path: "../.."
  MixboxUiKit:
    :path: "../.."
  MixboxUiTestsFoundation:
    :path: "../.."
  UiTestsSharedCode:
    :path: "Frameworks/UiTestsSharedCode"

SPEC CHECKSUMS:
  GCDWebServer: 2c156a56c8226e2d5c0c3f208a3621ccffbe3ce4
  MixboxAnyCodable: 1efb6f25315dd880beeb64993783f5d4fd5b4a54
  MixboxBlack: 82b661a18c2e0d7e57a3fbd98f0609e99cf2dd78
  MixboxBuiltinDi: 4c268b96e80c18aa2cd9d3a190fa682dcc12703d
  MixboxBuiltinIpc: cf80c986b00dcf274af1c09fd47df301241b9af8
  MixboxCocoaImageHashing: e4448f1a540c0501a781d5c34081ad1430022969
  MixboxDi: 40a91bfda7c92bfe03ef4b17e6e2e6e378c39e3c
  MixboxFoundation: 443e12ead2eded19219bcaf9e3dcefd24c9b387d
  MixboxGray: ef4211560633fc28dcfccaa9be83aca809204bfa
  MixboxInAppServices: 9b39fb2a4ebfca848fd85b4fadafba9f192465dd
  MixboxIoKit: 63f264d2e77a681ca79f4c6d3aa72ee2bd5f3f8f
  MixboxIpc: 5c7caae90d35118df67713de5256c87f8a196e11
  MixboxIpcCommon: ea41504ebc5236e4f218fb0c14a3cb5cc46ef84f
  MixboxIpcSbtuiClient: e9a486b0acd61d0ebd7a0345f176339e7a4bbbbc
  MixboxIpcSbtuiHost: 1f326485a5f467d0ac56cc2d47e6fe7b5109703d
  MixboxSBTUITestTunnelClient: c81b931a4f220c2cfdff679b8581d964a391f956
  MixboxSBTUITestTunnelCommon: 39c2a5f1737d720d057a7580f207357844656b6c
  MixboxSBTUITestTunnelServer: 1994b63b9a40d3be72e2c9ad8dede0c567442bad
  MixboxTestability: 568dc0150b6339a288f62856e5179f780f4dadec
  MixboxTestsFoundation: b0cd2bf61d76e06f570079c8ff5459f5998863b6
  MixboxUiKit: e24a7574fce738ce50a5cdd79b2a322d6e237c2a
  MixboxUiTestsFoundation: 61af00f591a9f30b9035b4eb4e8720d583ba5e69
  SQLite.swift: d2b4642190917051ce6bd1d49aab565fe794eea3
  UiTestsSharedCode: 4ecc517b961e5002d26f35dcfb6e60a5fd094ea5

PODFILE CHECKSUM: f000000000000000000000000000000000000000

COCOAPODS: 1.10.0
